// !$*UTF8*$!
{
	archiveVersion = 1;
	classes = {
	};
	objectVersion = 55;
	objects = {

/* Begin PBXBuildFile section */
		56651606271FC0D000D8560E /* AppDelegate.swift in Sources */ = {isa = PBXBuildFile; fileRef = 56651605271FC0D000D8560E /* AppDelegate.swift */; };
		56651608271FC0D000D8560E /* SceneDelegate.swift in Sources */ = {isa = PBXBuildFile; fileRef = 56651607271FC0D000D8560E /* SceneDelegate.swift */; };
		56651610271FC0D000D8560E /* LonesomeDove.xcdatamodeld in Sources */ = {isa = PBXBuildFile; fileRef = 5665160E271FC0D000D8560E /* LonesomeDove.xcdatamodeld */; };
		56651612271FC0D200D8560E /* Assets.xcassets in Resources */ = {isa = PBXBuildFile; fileRef = 56651611271FC0D200D8560E /* Assets.xcassets */; };
		56651615271FC0D200D8560E /* LaunchScreen.storyboard in Resources */ = {isa = PBXBuildFile; fileRef = 56651613271FC0D200D8560E /* LaunchScreen.storyboard */; };
		56651620271FC0D200D8560E /* LonesomeDoveTests.swift in Sources */ = {isa = PBXBuildFile; fileRef = 5665161F271FC0D200D8560E /* LonesomeDoveTests.swift */; };
		5665162A271FC0D200D8560E /* LonesomeDoveUITests.swift in Sources */ = {isa = PBXBuildFile; fileRef = 56651629271FC0D200D8560E /* LonesomeDoveUITests.swift */; };
		5665162C271FC0D200D8560E /* LonesomeDoveUITestsLaunchTests.swift in Sources */ = {isa = PBXBuildFile; fileRef = 5665162B271FC0D200D8560E /* LonesomeDoveUITestsLaunchTests.swift */; };
		5665163D271FC2EC00D8560E /* Actions.swift in Sources */ = {isa = PBXBuildFile; fileRef = 56651638271FC2EB00D8560E /* Actions.swift */; };
		5665163E271FC2EC00D8560E /* AppState.swift in Sources */ = {isa = PBXBuildFile; fileRef = 56651639271FC2EC00D8560E /* AppState.swift */; };
		5665163F271FC2EC00D8560E /* Middleware.swift in Sources */ = {isa = PBXBuildFile; fileRef = 5665163A271FC2EC00D8560E /* Middleware.swift */; };
		56651640271FC2EC00D8560E /* Reducers.swift in Sources */ = {isa = PBXBuildFile; fileRef = 5665163B271FC2EC00D8560E /* Reducers.swift */; };
		56651641271FC2EC00D8560E /* Store.swift in Sources */ = {isa = PBXBuildFile; fileRef = 5665163C271FC2EC00D8560E /* Store.swift */; };
		56651644271FC39700D8560E /* BreakingBourbonService.swift in Sources */ = {isa = PBXBuildFile; fileRef = 56651643271FC39700D8560E /* BreakingBourbonService.swift */; };
		5665164B2722163900D8560E /* DrawingViewController.swift in Sources */ = {isa = PBXBuildFile; fileRef = 5665164A2722163900D8560E /* DrawingViewController.swift */; };
		5665164E27221B9500D8560E /* UIViewExtensions.swift in Sources */ = {isa = PBXBuildFile; fileRef = 5665164D27221B9500D8560E /* UIViewExtensions.swift */; };
		56651650272220C800D8560E /* UtilityButtons.swift in Sources */ = {isa = PBXBuildFile; fileRef = 5665164F272220C800D8560E /* UtilityButtons.swift */; };
		566516532722279800D8560E /* SwiftUIFoundation in Frameworks */ = {isa = PBXBuildFile; productRef = 566516522722279800D8560E /* SwiftUIFoundation */; };
		5665165527225C5900D8560E /* ColorExtensions.swift in Sources */ = {isa = PBXBuildFile; fileRef = 5665165427225C5900D8560E /* ColorExtensions.swift */; };
		566516572722668B00D8560E /* StoryCard.swift in Sources */ = {isa = PBXBuildFile; fileRef = 566516562722668B00D8560E /* StoryCard.swift */; };
		566516592727661E00D8560E /* SeededNumberGenerator.swift in Sources */ = {isa = PBXBuildFile; fileRef = 566516582727661E00D8560E /* SeededNumberGenerator.swift */; };
		566F749F2728B7D000A173D7 /* DataStore.swift in Sources */ = {isa = PBXBuildFile; fileRef = 566F749E2728B7D000A173D7 /* DataStore.swift */; };
		567404402723308E00CE8953 /* StoryCardListView.swift in Sources */ = {isa = PBXBuildFile; fileRef = 5674043F2723308E00CE8953 /* StoryCardListView.swift */; };
		567404422723402200CE8953 /* AddCardView.swift in Sources */ = {isa = PBXBuildFile; fileRef = 567404412723402200CE8953 /* AddCardView.swift */; };
		5674044427234D5200CE8953 /* StoryCardViewModel.swift in Sources */ = {isa = PBXBuildFile; fileRef = 5674044327234D5200CE8953 /* StoryCardViewModel.swift */; };
		567404472723521B00CE8953 /* StoryCardListViewModel.swift in Sources */ = {isa = PBXBuildFile; fileRef = 567404462723521B00CE8953 /* StoryCardListViewModel.swift */; };
		567404492723535A00CE8953 /* Router.swift in Sources */ = {isa = PBXBuildFile; fileRef = 567404482723535A00CE8953 /* Router.swift */; };
		5674044C272356E400CE8953 /* AppLifeCycleManager.swift in Sources */ = {isa = PBXBuildFile; fileRef = 5674044B272356E400CE8953 /* AppLifeCycleManager.swift */; };
		5674044E2723595400CE8953 /* DrawingViewModel.swift in Sources */ = {isa = PBXBuildFile; fileRef = 5674044D2723595400CE8953 /* DrawingViewModel.swift */; };
/* End PBXBuildFile section */

/* Begin PBXContainerItemProxy section */
		5665161C271FC0D200D8560E /* PBXContainerItemProxy */ = {
			isa = PBXContainerItemProxy;
			containerPortal = 566515FA271FC0D000D8560E /* Project object */;
			proxyType = 1;
			remoteGlobalIDString = 56651601271FC0D000D8560E;
			remoteInfo = LonesomeDove;
		};
		56651626271FC0D200D8560E /* PBXContainerItemProxy */ = {
			isa = PBXContainerItemProxy;
			containerPortal = 566515FA271FC0D000D8560E /* Project object */;
			proxyType = 1;
			remoteGlobalIDString = 56651601271FC0D000D8560E;
			remoteInfo = LonesomeDove;
		};
/* End PBXContainerItemProxy section */

/* Begin PBXFileReference section */
		56651602271FC0D000D8560E /* LonesomeDove.app */ = {isa = PBXFileReference; explicitFileType = wrapper.application; includeInIndex = 0; path = LonesomeDove.app; sourceTree = BUILT_PRODUCTS_DIR; };
		56651605271FC0D000D8560E /* AppDelegate.swift */ = {isa = PBXFileReference; lastKnownFileType = sourcecode.swift; path = AppDelegate.swift; sourceTree = "<group>"; };
		56651607271FC0D000D8560E /* SceneDelegate.swift */ = {isa = PBXFileReference; lastKnownFileType = sourcecode.swift; path = SceneDelegate.swift; sourceTree = "<group>"; };
		5665160F271FC0D000D8560E /* LonesomeDove.xcdatamodel */ = {isa = PBXFileReference; lastKnownFileType = wrapper.xcdatamodel; path = LonesomeDove.xcdatamodel; sourceTree = "<group>"; };
		56651611271FC0D200D8560E /* Assets.xcassets */ = {isa = PBXFileReference; lastKnownFileType = folder.assetcatalog; path = Assets.xcassets; sourceTree = "<group>"; };
		56651614271FC0D200D8560E /* Base */ = {isa = PBXFileReference; lastKnownFileType = file.storyboard; name = Base; path = Base.lproj/LaunchScreen.storyboard; sourceTree = "<group>"; };
		56651616271FC0D200D8560E /* Info.plist */ = {isa = PBXFileReference; lastKnownFileType = text.plist.xml; path = Info.plist; sourceTree = "<group>"; };
		5665161B271FC0D200D8560E /* LonesomeDoveTests.xctest */ = {isa = PBXFileReference; explicitFileType = wrapper.cfbundle; includeInIndex = 0; path = LonesomeDoveTests.xctest; sourceTree = BUILT_PRODUCTS_DIR; };
		5665161F271FC0D200D8560E /* LonesomeDoveTests.swift */ = {isa = PBXFileReference; lastKnownFileType = sourcecode.swift; path = LonesomeDoveTests.swift; sourceTree = "<group>"; };
		56651625271FC0D200D8560E /* LonesomeDoveUITests.xctest */ = {isa = PBXFileReference; explicitFileType = wrapper.cfbundle; includeInIndex = 0; path = LonesomeDoveUITests.xctest; sourceTree = BUILT_PRODUCTS_DIR; };
		56651629271FC0D200D8560E /* LonesomeDoveUITests.swift */ = {isa = PBXFileReference; lastKnownFileType = sourcecode.swift; path = LonesomeDoveUITests.swift; sourceTree = "<group>"; };
		5665162B271FC0D200D8560E /* LonesomeDoveUITestsLaunchTests.swift */ = {isa = PBXFileReference; lastKnownFileType = sourcecode.swift; path = LonesomeDoveUITestsLaunchTests.swift; sourceTree = "<group>"; };
		56651638271FC2EB00D8560E /* Actions.swift */ = {isa = PBXFileReference; fileEncoding = 4; lastKnownFileType = sourcecode.swift; path = Actions.swift; sourceTree = "<group>"; };
		56651639271FC2EC00D8560E /* AppState.swift */ = {isa = PBXFileReference; fileEncoding = 4; lastKnownFileType = sourcecode.swift; path = AppState.swift; sourceTree = "<group>"; };
		5665163A271FC2EC00D8560E /* Middleware.swift */ = {isa = PBXFileReference; fileEncoding = 4; lastKnownFileType = sourcecode.swift; path = Middleware.swift; sourceTree = "<group>"; };
		5665163B271FC2EC00D8560E /* Reducers.swift */ = {isa = PBXFileReference; fileEncoding = 4; lastKnownFileType = sourcecode.swift; path = Reducers.swift; sourceTree = "<group>"; };
		5665163C271FC2EC00D8560E /* Store.swift */ = {isa = PBXFileReference; fileEncoding = 4; lastKnownFileType = sourcecode.swift; path = Store.swift; sourceTree = "<group>"; };
		56651643271FC39700D8560E /* BreakingBourbonService.swift */ = {isa = PBXFileReference; fileEncoding = 4; lastKnownFileType = sourcecode.swift; path = BreakingBourbonService.swift; sourceTree = "<group>"; };
		5665164A2722163900D8560E /* DrawingViewController.swift */ = {isa = PBXFileReference; lastKnownFileType = sourcecode.swift; path = DrawingViewController.swift; sourceTree = "<group>"; };
		5665164D27221B9500D8560E /* UIViewExtensions.swift */ = {isa = PBXFileReference; lastKnownFileType = sourcecode.swift; path = UIViewExtensions.swift; sourceTree = "<group>"; };
		5665164F272220C800D8560E /* UtilityButtons.swift */ = {isa = PBXFileReference; lastKnownFileType = sourcecode.swift; path = UtilityButtons.swift; sourceTree = "<group>"; };
		5665165427225C5900D8560E /* ColorExtensions.swift */ = {isa = PBXFileReference; lastKnownFileType = sourcecode.swift; path = ColorExtensions.swift; sourceTree = "<group>"; };
		566516562722668B00D8560E /* StoryCard.swift */ = {isa = PBXFileReference; lastKnownFileType = sourcecode.swift; path = StoryCard.swift; sourceTree = "<group>"; };
		566516582727661E00D8560E /* SeededNumberGenerator.swift */ = {isa = PBXFileReference; lastKnownFileType = sourcecode.swift; path = SeededNumberGenerator.swift; sourceTree = "<group>"; };
		5665165D27276A1700D8560E /* SwiftUIFoundation */ = {isa = PBXFileReference; lastKnownFileType = folder; name = SwiftUIFoundation; path = ../SwiftUIFoundation; sourceTree = "<group>"; };
		566F749E2728B7D000A173D7 /* DataStore.swift */ = {isa = PBXFileReference; lastKnownFileType = sourcecode.swift; path = DataStore.swift; sourceTree = "<group>"; };
		5674043F2723308E00CE8953 /* StoryCardListView.swift */ = {isa = PBXFileReference; lastKnownFileType = sourcecode.swift; path = StoryCardListView.swift; sourceTree = "<group>"; };
		567404412723402200CE8953 /* AddCardView.swift */ = {isa = PBXFileReference; lastKnownFileType = sourcecode.swift; path = AddCardView.swift; sourceTree = "<group>"; };
		5674044327234D5200CE8953 /* StoryCardViewModel.swift */ = {isa = PBXFileReference; lastKnownFileType = sourcecode.swift; path = StoryCardViewModel.swift; sourceTree = "<group>"; };
		567404462723521B00CE8953 /* StoryCardListViewModel.swift */ = {isa = PBXFileReference; lastKnownFileType = sourcecode.swift; path = StoryCardListViewModel.swift; sourceTree = "<group>"; };
		567404482723535A00CE8953 /* Router.swift */ = {isa = PBXFileReference; lastKnownFileType = sourcecode.swift; path = Router.swift; sourceTree = "<group>"; };
		5674044B272356E400CE8953 /* AppLifeCycleManager.swift */ = {isa = PBXFileReference; lastKnownFileType = sourcecode.swift; path = AppLifeCycleManager.swift; sourceTree = "<group>"; };
		5674044D2723595400CE8953 /* DrawingViewModel.swift */ = {isa = PBXFileReference; lastKnownFileType = sourcecode.swift; path = DrawingViewModel.swift; sourceTree = "<group>"; };
/* End PBXFileReference section */

/* Begin PBXFrameworksBuildPhase section */
		566515FF271FC0D000D8560E /* Frameworks */ = {
			isa = PBXFrameworksBuildPhase;
			buildActionMask = 2147483647;
			files = (
				566516532722279800D8560E /* SwiftUIFoundation in Frameworks */,
			);
			runOnlyForDeploymentPostprocessing = 0;
		};
		56651618271FC0D200D8560E /* Frameworks */ = {
			isa = PBXFrameworksBuildPhase;
			buildActionMask = 2147483647;
			files = (
			);
			runOnlyForDeploymentPostprocessing = 0;
		};
		56651622271FC0D200D8560E /* Frameworks */ = {
			isa = PBXFrameworksBuildPhase;
			buildActionMask = 2147483647;
			files = (
			);
			runOnlyForDeploymentPostprocessing = 0;
		};
/* End PBXFrameworksBuildPhase section */

/* Begin PBXGroup section */
		566515F9271FC0D000D8560E = {
			isa = PBXGroup;
			children = (
				5665165D27276A1700D8560E /* SwiftUIFoundation */,
				56651604271FC0D000D8560E /* LonesomeDove */,
				5665161E271FC0D200D8560E /* LonesomeDoveTests */,
				56651628271FC0D200D8560E /* LonesomeDoveUITests */,
				56651603271FC0D000D8560E /* Products */,
				566516512722279800D8560E /* Frameworks */,
			);
			sourceTree = "<group>";
		};
		56651603271FC0D000D8560E /* Products */ = {
			isa = PBXGroup;
			children = (
				56651602271FC0D000D8560E /* LonesomeDove.app */,
				5665161B271FC0D200D8560E /* LonesomeDoveTests.xctest */,
				56651625271FC0D200D8560E /* LonesomeDoveUITests.xctest */,
			);
			name = Products;
			sourceTree = "<group>";
		};
		56651604271FC0D000D8560E /* LonesomeDove */ = {
			isa = PBXGroup;
			children = (
				566F749C2728B75100A173D7 /* Data */,
				5674044A272356D200CE8953 /* LifeCycle */,
				566F749D2728B78200A173D7 /* Other */,
				56651642271FC2F200D8560E /* Redux */,
				5665164C27221B8000D8560E /* Utilities */,
				56651649272215C500D8560E /* Views */,
			);
			path = LonesomeDove;
			sourceTree = "<group>";
		};
		5665161E271FC0D200D8560E /* LonesomeDoveTests */ = {
			isa = PBXGroup;
			children = (
				5665161F271FC0D200D8560E /* LonesomeDoveTests.swift */,
			);
			path = LonesomeDoveTests;
			sourceTree = "<group>";
		};
		56651628271FC0D200D8560E /* LonesomeDoveUITests */ = {
			isa = PBXGroup;
			children = (
				56651629271FC0D200D8560E /* LonesomeDoveUITests.swift */,
				5665162B271FC0D200D8560E /* LonesomeDoveUITestsLaunchTests.swift */,
			);
			path = LonesomeDoveUITests;
			sourceTree = "<group>";
		};
		56651642271FC2F200D8560E /* Redux */ = {
			isa = PBXGroup;
			children = (
				56651643271FC39700D8560E /* BreakingBourbonService.swift */,
				56651638271FC2EB00D8560E /* Actions.swift */,
				56651639271FC2EC00D8560E /* AppState.swift */,
				5665163A271FC2EC00D8560E /* Middleware.swift */,
				5665163B271FC2EC00D8560E /* Reducers.swift */,
				5665163C271FC2EC00D8560E /* Store.swift */,
			);
			path = Redux;
			sourceTree = "<group>";
		};
		56651649272215C500D8560E /* Views */ = {
			isa = PBXGroup;
			children = (
				567404412723402200CE8953 /* AddCardView.swift */,
				5665164A2722163900D8560E /* DrawingViewController.swift */,
				566516562722668B00D8560E /* StoryCard.swift */,
				5674043F2723308E00CE8953 /* StoryCardListView.swift */,
				5665164F272220C800D8560E /* UtilityButtons.swift */,
				5674044527234D8000CE8953 /* ViewModels */,
			);
			path = Views;
			sourceTree = "<group>";
		};
		5665164C27221B8000D8560E /* Utilities */ = {
			isa = PBXGroup;
			children = (
				5665164D27221B9500D8560E /* UIViewExtensions.swift */,
				5665165427225C5900D8560E /* ColorExtensions.swift */,
				567404482723535A00CE8953 /* Router.swift */,
				566516582727661E00D8560E /* SeededNumberGenerator.swift */,
			);
			path = Utilities;
			sourceTree = "<group>";
		};
		566516512722279800D8560E /* Frameworks */ = {
			isa = PBXGroup;
			children = (
			);
			name = Frameworks;
			sourceTree = "<group>";
		};
		566F749C2728B75100A173D7 /* Data */ = {
			isa = PBXGroup;
			children = (
				5665160E271FC0D000D8560E /* LonesomeDove.xcdatamodeld */,
				566F749E2728B7D000A173D7 /* DataStore.swift */,
			);
			path = Data;
			sourceTree = "<group>";
		};
		566F749D2728B78200A173D7 /* Other */ = {
			isa = PBXGroup;
			children = (
				56651611271FC0D200D8560E /* Assets.xcassets */,
				56651613271FC0D200D8560E /* LaunchScreen.storyboard */,
				56651616271FC0D200D8560E /* Info.plist */,
			);
			path = Other;
			sourceTree = "<group>";
		};
		5674044527234D8000CE8953 /* ViewModels */ = {
			isa = PBXGroup;
			children = (
				5674044327234D5200CE8953 /* StoryCardViewModel.swift */,
				567404462723521B00CE8953 /* StoryCardListViewModel.swift */,
				5674044D2723595400CE8953 /* DrawingViewModel.swift */,
			);
			path = ViewModels;
			sourceTree = "<group>";
		};
		5674044A272356D200CE8953 /* LifeCycle */ = {
			isa = PBXGroup;
			children = (
				56651605271FC0D000D8560E /* AppDelegate.swift */,
				56651607271FC0D000D8560E /* SceneDelegate.swift */,
				5674044B272356E400CE8953 /* AppLifeCycleManager.swift */,
			);
			path = LifeCycle;
			sourceTree = "<group>";
		};
/* End PBXGroup section */

/* Begin PBXNativeTarget section */
		56651601271FC0D000D8560E /* LonesomeDove */ = {
			isa = PBXNativeTarget;
			buildConfigurationList = 5665162F271FC0D200D8560E /* Build configuration list for PBXNativeTarget "LonesomeDove" */;
			buildPhases = (
				566515FE271FC0D000D8560E /* Sources */,
				566515FF271FC0D000D8560E /* Frameworks */,
				56651600271FC0D000D8560E /* Resources */,
			);
			buildRules = (
			);
			dependencies = (
			);
			name = LonesomeDove;
			packageProductDependencies = (
				566516522722279800D8560E /* SwiftUIFoundation */,
			);
			productName = LonesomeDove;
			productReference = 56651602271FC0D000D8560E /* LonesomeDove.app */;
			productType = "com.apple.product-type.application";
		};
		5665161A271FC0D200D8560E /* LonesomeDoveTests */ = {
			isa = PBXNativeTarget;
			buildConfigurationList = 56651632271FC0D200D8560E /* Build configuration list for PBXNativeTarget "LonesomeDoveTests" */;
			buildPhases = (
				56651617271FC0D200D8560E /* Sources */,
				56651618271FC0D200D8560E /* Frameworks */,
				56651619271FC0D200D8560E /* Resources */,
			);
			buildRules = (
			);
			dependencies = (
				5665161D271FC0D200D8560E /* PBXTargetDependency */,
			);
			name = LonesomeDoveTests;
			productName = LonesomeDoveTests;
			productReference = 5665161B271FC0D200D8560E /* LonesomeDoveTests.xctest */;
			productType = "com.apple.product-type.bundle.unit-test";
		};
		56651624271FC0D200D8560E /* LonesomeDoveUITests */ = {
			isa = PBXNativeTarget;
			buildConfigurationList = 56651635271FC0D200D8560E /* Build configuration list for PBXNativeTarget "LonesomeDoveUITests" */;
			buildPhases = (
				56651621271FC0D200D8560E /* Sources */,
				56651622271FC0D200D8560E /* Frameworks */,
				56651623271FC0D200D8560E /* Resources */,
			);
			buildRules = (
			);
			dependencies = (
				56651627271FC0D200D8560E /* PBXTargetDependency */,
			);
			name = LonesomeDoveUITests;
			productName = LonesomeDoveUITests;
			productReference = 56651625271FC0D200D8560E /* LonesomeDoveUITests.xctest */;
			productType = "com.apple.product-type.bundle.ui-testing";
		};
/* End PBXNativeTarget section */

/* Begin PBXProject section */
		566515FA271FC0D000D8560E /* Project object */ = {
			isa = PBXProject;
			attributes = {
				BuildIndependentTargetsInParallel = 1;
				LastSwiftUpdateCheck = 1300;
				LastUpgradeCheck = 1300;
				TargetAttributes = {
					56651601271FC0D000D8560E = {
						CreatedOnToolsVersion = 13.0;
					};
					5665161A271FC0D200D8560E = {
						CreatedOnToolsVersion = 13.0;
						TestTargetID = 56651601271FC0D000D8560E;
					};
					56651624271FC0D200D8560E = {
						CreatedOnToolsVersion = 13.0;
						TestTargetID = 56651601271FC0D000D8560E;
					};
				};
			};
			buildConfigurationList = 566515FD271FC0D000D8560E /* Build configuration list for PBXProject "LonesomeDove" */;
			compatibilityVersion = "Xcode 13.0";
			developmentRegion = en;
			hasScannedForEncodings = 0;
			knownRegions = (
				en,
				Base,
			);
			mainGroup = 566515F9271FC0D000D8560E;
			productRefGroup = 56651603271FC0D000D8560E /* Products */;
			projectDirPath = "";
			projectRoot = "";
			targets = (
				56651601271FC0D000D8560E /* LonesomeDove */,
				5665161A271FC0D200D8560E /* LonesomeDoveTests */,
				56651624271FC0D200D8560E /* LonesomeDoveUITests */,
			);
		};
/* End PBXProject section */

/* Begin PBXResourcesBuildPhase section */
		56651600271FC0D000D8560E /* Resources */ = {
			isa = PBXResourcesBuildPhase;
			buildActionMask = 2147483647;
			files = (
				56651615271FC0D200D8560E /* LaunchScreen.storyboard in Resources */,
				56651612271FC0D200D8560E /* Assets.xcassets in Resources */,
			);
			runOnlyForDeploymentPostprocessing = 0;
		};
		56651619271FC0D200D8560E /* Resources */ = {
			isa = PBXResourcesBuildPhase;
			buildActionMask = 2147483647;
			files = (
			);
			runOnlyForDeploymentPostprocessing = 0;
		};
		56651623271FC0D200D8560E /* Resources */ = {
			isa = PBXResourcesBuildPhase;
			buildActionMask = 2147483647;
			files = (
			);
			runOnlyForDeploymentPostprocessing = 0;
		};
/* End PBXResourcesBuildPhase section */

/* Begin PBXSourcesBuildPhase section */
		566515FE271FC0D000D8560E /* Sources */ = {
			isa = PBXSourcesBuildPhase;
			buildActionMask = 2147483647;
			files = (
				566516592727661E00D8560E /* SeededNumberGenerator.swift in Sources */,
				5665164E27221B9500D8560E /* UIViewExtensions.swift in Sources */,
				5665165527225C5900D8560E /* ColorExtensions.swift in Sources */,
				56651610271FC0D000D8560E /* LonesomeDove.xcdatamodeld in Sources */,
				5665163E271FC2EC00D8560E /* AppState.swift in Sources */,
				5665163D271FC2EC00D8560E /* Actions.swift in Sources */,
				5674044C272356E400CE8953 /* AppLifeCycleManager.swift in Sources */,
				56651641271FC2EC00D8560E /* Store.swift in Sources */,
				567404492723535A00CE8953 /* Router.swift in Sources */,
				567404472723521B00CE8953 /* StoryCardListViewModel.swift in Sources */,
				5674044427234D5200CE8953 /* StoryCardViewModel.swift in Sources */,
				567404402723308E00CE8953 /* StoryCardListView.swift in Sources */,
				5674044E2723595400CE8953 /* DrawingViewModel.swift in Sources */,
				5665163F271FC2EC00D8560E /* Middleware.swift in Sources */,
				56651606271FC0D000D8560E /* AppDelegate.swift in Sources */,
				56651608271FC0D000D8560E /* SceneDelegate.swift in Sources */,
				567404422723402200CE8953 /* AddCardView.swift in Sources */,
				56651640271FC2EC00D8560E /* Reducers.swift in Sources */,
				56651644271FC39700D8560E /* BreakingBourbonService.swift in Sources */,
				566516572722668B00D8560E /* StoryCard.swift in Sources */,
				566F749F2728B7D000A173D7 /* DataStore.swift in Sources */,
				56651650272220C800D8560E /* UtilityButtons.swift in Sources */,
				5665164B2722163900D8560E /* DrawingViewController.swift in Sources */,
			);
			runOnlyForDeploymentPostprocessing = 0;
		};
		56651617271FC0D200D8560E /* Sources */ = {
			isa = PBXSourcesBuildPhase;
			buildActionMask = 2147483647;
			files = (
				56651620271FC0D200D8560E /* LonesomeDoveTests.swift in Sources */,
			);
			runOnlyForDeploymentPostprocessing = 0;
		};
		56651621271FC0D200D8560E /* Sources */ = {
			isa = PBXSourcesBuildPhase;
			buildActionMask = 2147483647;
			files = (
				5665162C271FC0D200D8560E /* LonesomeDoveUITestsLaunchTests.swift in Sources */,
				5665162A271FC0D200D8560E /* LonesomeDoveUITests.swift in Sources */,
			);
			runOnlyForDeploymentPostprocessing = 0;
		};
/* End PBXSourcesBuildPhase section */

/* Begin PBXTargetDependency section */
		5665161D271FC0D200D8560E /* PBXTargetDependency */ = {
			isa = PBXTargetDependency;
			target = 56651601271FC0D000D8560E /* LonesomeDove */;
			targetProxy = 5665161C271FC0D200D8560E /* PBXContainerItemProxy */;
		};
		56651627271FC0D200D8560E /* PBXTargetDependency */ = {
			isa = PBXTargetDependency;
			target = 56651601271FC0D000D8560E /* LonesomeDove */;
			targetProxy = 56651626271FC0D200D8560E /* PBXContainerItemProxy */;
		};
/* End PBXTargetDependency section */

/* Begin PBXVariantGroup section */
		56651613271FC0D200D8560E /* LaunchScreen.storyboard */ = {
			isa = PBXVariantGroup;
			children = (
				56651614271FC0D200D8560E /* Base */,
			);
			name = LaunchScreen.storyboard;
			sourceTree = "<group>";
		};
/* End PBXVariantGroup section */

/* Begin XCBuildConfiguration section */
		5665162D271FC0D200D8560E /* Debug */ = {
			isa = XCBuildConfiguration;
			buildSettings = {
				ALWAYS_SEARCH_USER_PATHS = NO;
				CLANG_ANALYZER_NONNULL = YES;
				CLANG_ANALYZER_NUMBER_OBJECT_CONVERSION = YES_AGGRESSIVE;
				CLANG_CXX_LANGUAGE_STANDARD = "gnu++17";
				CLANG_CXX_LIBRARY = "libc++";
				CLANG_ENABLE_MODULES = YES;
				CLANG_ENABLE_OBJC_ARC = YES;
				CLANG_ENABLE_OBJC_WEAK = YES;
				CLANG_WARN_BLOCK_CAPTURE_AUTORELEASING = YES;
				CLANG_WARN_BOOL_CONVERSION = YES;
				CLANG_WARN_COMMA = YES;
				CLANG_WARN_CONSTANT_CONVERSION = YES;
				CLANG_WARN_DEPRECATED_OBJC_IMPLEMENTATIONS = YES;
				CLANG_WARN_DIRECT_OBJC_ISA_USAGE = YES_ERROR;
				CLANG_WARN_DOCUMENTATION_COMMENTS = YES;
				CLANG_WARN_EMPTY_BODY = YES;
				CLANG_WARN_ENUM_CONVERSION = YES;
				CLANG_WARN_INFINITE_RECURSION = YES;
				CLANG_WARN_INT_CONVERSION = YES;
				CLANG_WARN_NON_LITERAL_NULL_CONVERSION = YES;
				CLANG_WARN_OBJC_IMPLICIT_RETAIN_SELF = YES;
				CLANG_WARN_OBJC_LITERAL_CONVERSION = YES;
				CLANG_WARN_OBJC_ROOT_CLASS = YES_ERROR;
				CLANG_WARN_QUOTED_INCLUDE_IN_FRAMEWORK_HEADER = YES;
				CLANG_WARN_RANGE_LOOP_ANALYSIS = YES;
				CLANG_WARN_STRICT_PROTOTYPES = YES;
				CLANG_WARN_SUSPICIOUS_MOVE = YES;
				CLANG_WARN_UNGUARDED_AVAILABILITY = YES_AGGRESSIVE;
				CLANG_WARN_UNREACHABLE_CODE = YES;
				CLANG_WARN__DUPLICATE_METHOD_MATCH = YES;
				COPY_PHASE_STRIP = NO;
				DEBUG_INFORMATION_FORMAT = dwarf;
				ENABLE_STRICT_OBJC_MSGSEND = YES;
				ENABLE_TESTABILITY = YES;
				GCC_C_LANGUAGE_STANDARD = gnu11;
				GCC_DYNAMIC_NO_PIC = NO;
				GCC_NO_COMMON_BLOCKS = YES;
				GCC_OPTIMIZATION_LEVEL = 0;
				GCC_PREPROCESSOR_DEFINITIONS = (
					"DEBUG=1",
					"$(inherited)",
				);
				GCC_WARN_64_TO_32_BIT_CONVERSION = YES;
				GCC_WARN_ABOUT_RETURN_TYPE = YES_ERROR;
				GCC_WARN_UNDECLARED_SELECTOR = YES;
				GCC_WARN_UNINITIALIZED_AUTOS = YES_AGGRESSIVE;
				GCC_WARN_UNUSED_FUNCTION = YES;
				GCC_WARN_UNUSED_VARIABLE = YES;
				IPHONEOS_DEPLOYMENT_TARGET = 15.0;
				MTL_ENABLE_DEBUG_INFO = INCLUDE_SOURCE;
				MTL_FAST_MATH = YES;
				ONLY_ACTIVE_ARCH = YES;
				SDKROOT = iphoneos;
				SWIFT_ACTIVE_COMPILATION_CONDITIONS = DEBUG;
				SWIFT_OPTIMIZATION_LEVEL = "-Onone";
			};
			name = Debug;
		};
		5665162E271FC0D200D8560E /* Release */ = {
			isa = XCBuildConfiguration;
			buildSettings = {
				ALWAYS_SEARCH_USER_PATHS = NO;
				CLANG_ANALYZER_NONNULL = YES;
				CLANG_ANALYZER_NUMBER_OBJECT_CONVERSION = YES_AGGRESSIVE;
				CLANG_CXX_LANGUAGE_STANDARD = "gnu++17";
				CLANG_CXX_LIBRARY = "libc++";
				CLANG_ENABLE_MODULES = YES;
				CLANG_ENABLE_OBJC_ARC = YES;
				CLANG_ENABLE_OBJC_WEAK = YES;
				CLANG_WARN_BLOCK_CAPTURE_AUTORELEASING = YES;
				CLANG_WARN_BOOL_CONVERSION = YES;
				CLANG_WARN_COMMA = YES;
				CLANG_WARN_CONSTANT_CONVERSION = YES;
				CLANG_WARN_DEPRECATED_OBJC_IMPLEMENTATIONS = YES;
				CLANG_WARN_DIRECT_OBJC_ISA_USAGE = YES_ERROR;
				CLANG_WARN_DOCUMENTATION_COMMENTS = YES;
				CLANG_WARN_EMPTY_BODY = YES;
				CLANG_WARN_ENUM_CONVERSION = YES;
				CLANG_WARN_INFINITE_RECURSION = YES;
				CLANG_WARN_INT_CONVERSION = YES;
				CLANG_WARN_NON_LITERAL_NULL_CONVERSION = YES;
				CLANG_WARN_OBJC_IMPLICIT_RETAIN_SELF = YES;
				CLANG_WARN_OBJC_LITERAL_CONVERSION = YES;
				CLANG_WARN_OBJC_ROOT_CLASS = YES_ERROR;
				CLANG_WARN_QUOTED_INCLUDE_IN_FRAMEWORK_HEADER = YES;
				CLANG_WARN_RANGE_LOOP_ANALYSIS = YES;
				CLANG_WARN_STRICT_PROTOTYPES = YES;
				CLANG_WARN_SUSPICIOUS_MOVE = YES;
				CLANG_WARN_UNGUARDED_AVAILABILITY = YES_AGGRESSIVE;
				CLANG_WARN_UNREACHABLE_CODE = YES;
				CLANG_WARN__DUPLICATE_METHOD_MATCH = YES;
				COPY_PHASE_STRIP = NO;
				DEBUG_INFORMATION_FORMAT = "dwarf-with-dsym";
				ENABLE_NS_ASSERTIONS = NO;
				ENABLE_STRICT_OBJC_MSGSEND = YES;
				GCC_C_LANGUAGE_STANDARD = gnu11;
				GCC_NO_COMMON_BLOCKS = YES;
				GCC_WARN_64_TO_32_BIT_CONVERSION = YES;
				GCC_WARN_ABOUT_RETURN_TYPE = YES_ERROR;
				GCC_WARN_UNDECLARED_SELECTOR = YES;
				GCC_WARN_UNINITIALIZED_AUTOS = YES_AGGRESSIVE;
				GCC_WARN_UNUSED_FUNCTION = YES;
				GCC_WARN_UNUSED_VARIABLE = YES;
				IPHONEOS_DEPLOYMENT_TARGET = 15.0;
				MTL_ENABLE_DEBUG_INFO = NO;
				MTL_FAST_MATH = YES;
				SDKROOT = iphoneos;
				SWIFT_COMPILATION_MODE = wholemodule;
				SWIFT_OPTIMIZATION_LEVEL = "-O";
				VALIDATE_PRODUCT = YES;
			};
			name = Release;
		};
		56651630271FC0D200D8560E /* Debug */ = {
			isa = XCBuildConfiguration;
			buildSettings = {
				ASSETCATALOG_COMPILER_APPICON_NAME = AppIcon;
				ASSETCATALOG_COMPILER_GLOBAL_ACCENT_COLOR_NAME = AccentColor;
				CODE_SIGN_STYLE = Automatic;
				CURRENT_PROJECT_VERSION = 1;
				DEVELOPMENT_TEAM = TUHLK2MB27;
				GENERATE_INFOPLIST_FILE = YES;
				INFOPLIST_FILE = LonesomeDove/Other/Info.plist;
				INFOPLIST_KEY_UIApplicationSupportsIndirectInputEvents = YES;
				INFOPLIST_KEY_UILaunchStoryboardName = LaunchScreen;
				INFOPLIST_KEY_UIRequiresFullScreen = YES;
				INFOPLIST_KEY_UISupportedInterfaceOrientations_iPad = "UIInterfaceOrientationPortrait UIInterfaceOrientationPortraitUpsideDown UIInterfaceOrientationLandscapeLeft UIInterfaceOrientationLandscapeRight";
				INFOPLIST_KEY_UISupportedInterfaceOrientations_iPhone = "UIInterfaceOrientationPortrait UIInterfaceOrientationLandscapeLeft UIInterfaceOrientationLandscapeRight";
				LD_RUNPATH_SEARCH_PATHS = (
					"$(inherited)",
					"@executable_path/Frameworks",
				);
				MARKETING_VERSION = 1.0;
				PRODUCT_BUNDLE_IDENTIFIER = com.jlo.LonesomeDove;
				PRODUCT_NAME = "$(TARGET_NAME)";
				SWIFT_EMIT_LOC_STRINGS = YES;
				SWIFT_VERSION = 5.0;
				TARGETED_DEVICE_FAMILY = 2;
			};
			name = Debug;
		};
		56651631271FC0D200D8560E /* Release */ = {
			isa = XCBuildConfiguration;
			buildSettings = {
				ASSETCATALOG_COMPILER_APPICON_NAME = AppIcon;
				ASSETCATALOG_COMPILER_GLOBAL_ACCENT_COLOR_NAME = AccentColor;
				CODE_SIGN_STYLE = Automatic;
				CURRENT_PROJECT_VERSION = 1;
				DEVELOPMENT_TEAM = TUHLK2MB27;
				GENERATE_INFOPLIST_FILE = YES;
				INFOPLIST_FILE = LonesomeDove/Other/Info.plist;
				INFOPLIST_KEY_UIApplicationSupportsIndirectInputEvents = YES;
				INFOPLIST_KEY_UILaunchStoryboardName = LaunchScreen;
				INFOPLIST_KEY_UIRequiresFullScreen = YES;
				INFOPLIST_KEY_UISupportedInterfaceOrientations_iPad = "UIInterfaceOrientationPortrait UIInterfaceOrientationPortraitUpsideDown UIInterfaceOrientationLandscapeLeft UIInterfaceOrientationLandscapeRight";
				INFOPLIST_KEY_UISupportedInterfaceOrientations_iPhone = "UIInterfaceOrientationPortrait UIInterfaceOrientationLandscapeLeft UIInterfaceOrientationLandscapeRight";
				LD_RUNPATH_SEARCH_PATHS = (
					"$(inherited)",
					"@executable_path/Frameworks",
				);
				MARKETING_VERSION = 1.0;
				PRODUCT_BUNDLE_IDENTIFIER = com.jlo.LonesomeDove;
				PRODUCT_NAME = "$(TARGET_NAME)";
				SWIFT_EMIT_LOC_STRINGS = YES;
				SWIFT_VERSION = 5.0;
				TARGETED_DEVICE_FAMILY = 2;
			};
			name = Release;
		};
		56651633271FC0D200D8560E /* Debug */ = {
			isa = XCBuildConfiguration;
			buildSettings = {
				ALWAYS_EMBED_SWIFT_STANDARD_LIBRARIES = YES;
				BUNDLE_LOADER = "$(TEST_HOST)";
				CODE_SIGN_STYLE = Automatic;
				CURRENT_PROJECT_VERSION = 1;
				DEVELOPMENT_TEAM = TUHLK2MB27;
				GENERATE_INFOPLIST_FILE = YES;
				IPHONEOS_DEPLOYMENT_TARGET = 15.0;
				LD_RUNPATH_SEARCH_PATHS = (
					"$(inherited)",
					"@executable_path/Frameworks",
					"@loader_path/Frameworks",
				);
				MARKETING_VERSION = 1.0;
				PRODUCT_BUNDLE_IDENTIFIER = com.jlo.LonesomeDoveTests;
				PRODUCT_NAME = "$(TARGET_NAME)";
				SWIFT_EMIT_LOC_STRINGS = NO;
				SWIFT_VERSION = 5.0;
				TARGETED_DEVICE_FAMILY = "1,2";
				TEST_HOST = "$(BUILT_PRODUCTS_DIR)/LonesomeDove.app/LonesomeDove";
			};
			name = Debug;
		};
		56651634271FC0D200D8560E /* Release */ = {
			isa = XCBuildConfiguration;
			buildSettings = {
				ALWAYS_EMBED_SWIFT_STANDARD_LIBRARIES = YES;
				BUNDLE_LOADER = "$(TEST_HOST)";
				CODE_SIGN_STYLE = Automatic;
				CURRENT_PROJECT_VERSION = 1;
				DEVELOPMENT_TEAM = TUHLK2MB27;
				GENERATE_INFOPLIST_FILE = YES;
				IPHONEOS_DEPLOYMENT_TARGET = 15.0;
				LD_RUNPATH_SEARCH_PATHS = (
					"$(inherited)",
					"@executable_path/Frameworks",
					"@loader_path/Frameworks",
				);
				MARKETING_VERSION = 1.0;
				PRODUCT_BUNDLE_IDENTIFIER = com.jlo.LonesomeDoveTests;
				PRODUCT_NAME = "$(TARGET_NAME)";
				SWIFT_EMIT_LOC_STRINGS = NO;
				SWIFT_VERSION = 5.0;
				TARGETED_DEVICE_FAMILY = "1,2";
				TEST_HOST = "$(BUILT_PRODUCTS_DIR)/LonesomeDove.app/LonesomeDove";
			};
			name = Release;
		};
		56651636271FC0D200D8560E /* Debug */ = {
			isa = XCBuildConfiguration;
			buildSettings = {
				ALWAYS_EMBED_SWIFT_STANDARD_LIBRARIES = YES;
				CODE_SIGN_STYLE = Automatic;
				CURRENT_PROJECT_VERSION = 1;
				DEVELOPMENT_TEAM = TUHLK2MB27;
				GENERATE_INFOPLIST_FILE = YES;
				LD_RUNPATH_SEARCH_PATHS = (
					"$(inherited)",
					"@executable_path/Frameworks",
					"@loader_path/Frameworks",
				);
				MARKETING_VERSION = 1.0;
				PRODUCT_BUNDLE_IDENTIFIER = com.jlo.LonesomeDoveUITests;
				PRODUCT_NAME = "$(TARGET_NAME)";
				SWIFT_EMIT_LOC_STRINGS = NO;
				SWIFT_VERSION = 5.0;
				TARGETED_DEVICE_FAMILY = "1,2";
				TEST_TARGET_NAME = LonesomeDove;
			};
			name = Debug;
		};
		56651637271FC0D200D8560E /* Release */ = {
			isa = XCBuildConfiguration;
			buildSettings = {
				ALWAYS_EMBED_SWIFT_STANDARD_LIBRARIES = YES;
				CODE_SIGN_STYLE = Automatic;
				CURRENT_PROJECT_VERSION = 1;
				DEVELOPMENT_TEAM = TUHLK2MB27;
				GENERATE_INFOPLIST_FILE = YES;
				LD_RUNPATH_SEARCH_PATHS = (
					"$(inherited)",
					"@executable_path/Frameworks",
					"@loader_path/Frameworks",
				);
				MARKETING_VERSION = 1.0;
				PRODUCT_BUNDLE_IDENTIFIER = com.jlo.LonesomeDoveUITests;
				PRODUCT_NAME = "$(TARGET_NAME)";
				SWIFT_EMIT_LOC_STRINGS = NO;
				SWIFT_VERSION = 5.0;
				TARGETED_DEVICE_FAMILY = "1,2";
				TEST_TARGET_NAME = LonesomeDove;
			};
			name = Release;
		};
/* End XCBuildConfiguration section */

/* Begin XCConfigurationList section */
		566515FD271FC0D000D8560E /* Build configuration list for PBXProject "LonesomeDove" */ = {
			isa = XCConfigurationList;
			buildConfigurations = (
				5665162D271FC0D200D8560E /* Debug */,
				5665162E271FC0D200D8560E /* Release */,
			);
			defaultConfigurationIsVisible = 0;
			defaultConfigurationName = Release;
		};
		5665162F271FC0D200D8560E /* Build configuration list for PBXNativeTarget "LonesomeDove" */ = {
			isa = XCConfigurationList;
			buildConfigurations = (
				56651630271FC0D200D8560E /* Debug */,
				56651631271FC0D200D8560E /* Release */,
			);
			defaultConfigurationIsVisible = 0;
			defaultConfigurationName = Release;
		};
		56651632271FC0D200D8560E /* Build configuration list for PBXNativeTarget "LonesomeDoveTests" */ = {
			isa = XCConfigurationList;
			buildConfigurations = (
				56651633271FC0D200D8560E /* Debug */,
				56651634271FC0D200D8560E /* Release */,
			);
			defaultConfigurationIsVisible = 0;
			defaultConfigurationName = Release;
		};
		56651635271FC0D200D8560E /* Build configuration list for PBXNativeTarget "LonesomeDoveUITests" */ = {
			isa = XCConfigurationList;
			buildConfigurations = (
				56651636271FC0D200D8560E /* Debug */,
				56651637271FC0D200D8560E /* Release */,
			);
			defaultConfigurationIsVisible = 0;
			defaultConfigurationName = Release;
		};
/* End XCConfigurationList section */

/* Begin XCSwiftPackageProductDependency section */
		566516522722279800D8560E /* SwiftUIFoundation */ = {
			isa = XCSwiftPackageProductDependency;
			productName = SwiftUIFoundation;
		};
/* End XCSwiftPackageProductDependency section */

/* Begin XCVersionGroup section */
		5665160E271FC0D000D8560E /* LonesomeDove.xcdatamodeld */ = {
			isa = XCVersionGroup;
			children = (
				5665160F271FC0D000D8560E /* LonesomeDove.xcdatamodel */,
			);
			currentVersion = 5665160F271FC0D000D8560E /* LonesomeDove.xcdatamodel */;
			path = LonesomeDove.xcdatamodeld;
			sourceTree = "<group>";
			versionGroupType = wrapper.xcdatamodel;
		};
/* End XCVersionGroup section */
	};
	rootObject = 566515FA271FC0D000D8560E /* Project object */;
}
